
Microsoft Visual Studio Solution File, Format Version 12.00
# Visual Studio Version 17
VisualStudioVersion = 17.5.33627.172
MinimumVisualStudioVersion = 10.0.40219.1
Project("{FAE04EC0-301F-11D3-BF4B-00C04F79EFBC}") = "RHTech.WebApplication", "RHTech.WebApplication\RHTech.WebApplication.csproj", "{F449B85A-852F-42BA-86E5-5A89D7F1BD9B}"
EndProject
Project("{FAE04EC0-301F-11D3-BF4B-00C04F79EFBC}") = "RHTech.Infra.Data", "RHTech.Infra.Data\RHTech.Infra.Data.csproj", "{88D2C6E7-1C03-4441-907C-B7EE52553FE9}"
EndProject
Global
	GlobalSection(SolutionConfigurationPlatforms) = preSolution
		Debug|Any CPU = Debug|Any CPU
		Release|Any CPU = Release|Any CPU
	EndGlobalSection
	GlobalSection(ProjectConfigurationPlatforms) = postSolution
		{F449B85A-852F-42BA-86E5-5A89D7F1BD9B}.Debug|Any CPU.ActiveCfg = Debug|Any CPU
		{F449B85A-852F-42BA-86E5-5A89D7F1BD9B}.Debug|Any CPU.Build.0 = Debug|Any CPU
		{F449B85A-852F-42BA-86E5-5A89D7F1BD9B}.Release|Any CPU.ActiveCfg = Release|Any CPU
		{F449B85A-852F-42BA-86E5-5A89D7F1BD9B}.Release|Any CPU.Build.0 = Release|Any CPU
		{88D2C6E7-1C03-4441-907C-B7EE52553FE9}.Debug|Any CPU.ActiveCfg = Debug|Any CPU
		{88D2C6E7-1C03-4441-907C-B7EE52553FE9}.Debug|Any CPU.Build.0 = Debug|Any CPU
		{88D2C6E7-1C03-4441-907C-B7EE52553FE9}.Release|Any CPU.ActiveCfg = Release|Any CPU
		{88D2C6E7-1C03-4441-907C-B7EE52553FE9}.Release|Any CPU.Build.0 = Release|Any CPU
	EndGlobalSection
	GlobalSection(SolutionProperties) = preSolution
		HideSolutionNode = FALSE
	EndGlobalSection
	GlobalSection(ExtensibilityGlobals) = postSolution
		SolutionGuid = {A88A8C04-F71D-4D1B-B9E6-6F2C5A533022}
	EndGlobalSection
EndGlobal
