
Microsoft Visual Studio Solution File, Format Version 12.00
# Visual Studio Version 17
VisualStudioVersion = 17.5.33627.172
MinimumVisualStudioVersion = 10.0.40219.1
Project("{FAE04EC0-301F-11D3-BF4B-00C04F79EFBC}") = "RhTech.WebApplication", "RHTech.WebApplication\RhTech.WebApplication.csproj", "{F449B85A-852F-42BA-86E5-5A89D7F1BD9B}"
EndProject
Project("{9A19103F-16F7-4668-BE54-9A1E7A4F7556}") = "RhTech.Infra.Data", "RHTech.Infra.Data\RhTech.Infra.Data.csproj", "{95EDCE6A-15C5-482E-9AD8-1E05C7040E23}"
EndProject
Project("{FAE04EC0-301F-11D3-BF4B-00C04F79EFBC}") = "RhTech.Core.Domain", "RhTech.Core.Domain\RhTech.Core.Domain.csproj", "{CB963816-4CAC-4A06-9137-E986843B17DA}"
EndProject
Project("{FAE04EC0-301F-11D3-BF4B-00C04F79EFBC}") = "RhTech.Core.Application", "RhTech.Core.Application\RhTech.Core.Application.csproj", "{E26F25F1-ADB1-4FAA-9C8D-90C055E2946E}"
EndProject
Global
	GlobalSection(SolutionConfigurationPlatforms) = preSolution
		Debug|Any CPU = Debug|Any CPU
		Release|Any CPU = Release|Any CPU
	EndGlobalSection
	GlobalSection(ProjectConfigurationPlatforms) = postSolution
		{F449B85A-852F-42BA-86E5-5A89D7F1BD9B}.Debug|Any CPU.ActiveCfg = Debug|Any CPU
		{F449B85A-852F-42BA-86E5-5A89D7F1BD9B}.Debug|Any CPU.Build.0 = Debug|Any CPU
		{F449B85A-852F-42BA-86E5-5A89D7F1BD9B}.Release|Any CPU.ActiveCfg = Release|Any CPU
		{F449B85A-852F-42BA-86E5-5A89D7F1BD9B}.Release|Any CPU.Build.0 = Release|Any CPU
		{95EDCE6A-15C5-482E-9AD8-1E05C7040E23}.Debug|Any CPU.ActiveCfg = Debug|Any CPU
		{95EDCE6A-15C5-482E-9AD8-1E05C7040E23}.Debug|Any CPU.Build.0 = Debug|Any CPU
		{95EDCE6A-15C5-482E-9AD8-1E05C7040E23}.Release|Any CPU.ActiveCfg = Release|Any CPU
		{95EDCE6A-15C5-482E-9AD8-1E05C7040E23}.Release|Any CPU.Build.0 = Release|Any CPU
		{CB963816-4CAC-4A06-9137-E986843B17DA}.Debug|Any CPU.ActiveCfg = Debug|Any CPU
		{CB963816-4CAC-4A06-9137-E986843B17DA}.Debug|Any CPU.Build.0 = Debug|Any CPU
		{CB963816-4CAC-4A06-9137-E986843B17DA}.Release|Any CPU.ActiveCfg = Release|Any CPU
		{CB963816-4CAC-4A06-9137-E986843B17DA}.Release|Any CPU.Build.0 = Release|Any CPU
		{E26F25F1-ADB1-4FAA-9C8D-90C055E2946E}.Debug|Any CPU.ActiveCfg = Debug|Any CPU
		{E26F25F1-ADB1-4FAA-9C8D-90C055E2946E}.Debug|Any CPU.Build.0 = Debug|Any CPU
		{E26F25F1-ADB1-4FAA-9C8D-90C055E2946E}.Release|Any CPU.ActiveCfg = Release|Any CPU
		{E26F25F1-ADB1-4FAA-9C8D-90C055E2946E}.Release|Any CPU.Build.0 = Release|Any CPU
	EndGlobalSection
	GlobalSection(SolutionProperties) = preSolution
		HideSolutionNode = FALSE
	EndGlobalSection
	GlobalSection(ExtensibilityGlobals) = postSolution
		SolutionGuid = {A88A8C04-F71D-4D1B-B9E6-6F2C5A533022}
	EndGlobalSection
EndGlobal
